
Microsoft Visual Studio Solution File, Format Version 12.00
# Visual Studio Version 16
VisualStudioVersion = 16.0.29905.134
MinimumVisualStudioVersion = 10.0.40219.1
Project("{FAE04EC0-301F-11D3-BF4B-00C04F79EFBC}") = "LawManagementSystem", "LawManagementSystem\LawManagementSystem.csproj", "{04783152-0454-437E-8155-E79ED98A7D5E}"
EndProject
Global
	GlobalSection(SolutionConfigurationPlatforms) = preSolution
		Debug|Any CPU = Debug|Any CPU
		Release|Any CPU = Release|Any CPU
	EndGlobalSection
	GlobalSection(ProjectConfigurationPlatforms) = postSolution
		{04783152-0454-437E-8155-E79ED98A7D5E}.Debug|Any CPU.ActiveCfg = Debug|Any CPU
		{04783152-0454-437E-8155-E79ED98A7D5E}.Debug|Any CPU.Build.0 = Debug|Any CPU
		{04783152-0454-437E-8155-E79ED98A7D5E}.Release|Any CPU.ActiveCfg = Release|Any CPU
		{04783152-0454-437E-8155-E79ED98A7D5E}.Release|Any CPU.Build.0 = Release|Any CPU
	EndGlobalSection
	GlobalSection(SolutionProperties) = preSolution
		HideSolutionNode = FALSE
	EndGlobalSection
	GlobalSection(ExtensibilityGlobals) = postSolution
		SolutionGuid = {77DEE0A8-46B5-4275-A182-1AB8648E7873}
	EndGlobalSection
EndGlobal
